Microsoft Visual Studio Solution File, Format Version 11.00
# Visual Studio 2008

Project("{620B8308-82AF-1255-AFCF-022735C68C48}") = "AerialWarfare", "Assembly-CSharp-firstpass.csproj", "{A1D6650E-EB37-EF2D-38B9-7AE1F1977B9A}"
EndProject
Project("{620B8308-82AF-1255-AFCF-022735C68C48}") = "AerialWarfare", "Assembly-CSharp.csproj", "{920B02D1-3AE1-EFC9-8C3E-333ED5258707}"
EndProject
Project("{620B8308-82AF-1255-AFCF-022735C68C48}") = "AerialWarfare", "Assembly-UnityScript-firstpass.unityproj", "{3C2AEBA7-1B26-2574-7845-5C5B6353F152}"
EndProject
Global
	GlobalSection(SolutionConfigurationPlatforms) = preSolution
		Debug|Any CPU = Debug|Any CPU
		Release|Any CPU = Release|Any CPU
	EndGlobalSection
	GlobalSection(ProjectConfigurationPlatforms) = postSolution
		{A1D6650E-EB37-EF2D-38B9-7AE1F1977B9A}.Debug|Any CPU.ActiveCfg = Debug|Any CPU
		{A1D6650E-EB37-EF2D-38B9-7AE1F1977B9A}.Debug|Any CPU.Build.0 = Debug|Any CPU
		{A1D6650E-EB37-EF2D-38B9-7AE1F1977B9A}.Release|Any CPU.ActiveCfg = Release|Any CPU
		{A1D6650E-EB37-EF2D-38B9-7AE1F1977B9A}.Release|Any CPU.Build.0 = Release|Any CPU
		{920B02D1-3AE1-EFC9-8C3E-333ED5258707}.Debug|Any CPU.ActiveCfg = Debug|Any CPU
		{920B02D1-3AE1-EFC9-8C3E-333ED5258707}.Debug|Any CPU.Build.0 = Debug|Any CPU
		{920B02D1-3AE1-EFC9-8C3E-333ED5258707}.Release|Any CPU.ActiveCfg = Release|Any CPU
		{920B02D1-3AE1-EFC9-8C3E-333ED5258707}.Release|Any CPU.Build.0 = Release|Any CPU
		{3C2AEBA7-1B26-2574-7845-5C5B6353F152}.Debug|Any CPU.ActiveCfg = Debug|Any CPU
		{3C2AEBA7-1B26-2574-7845-5C5B6353F152}.Debug|Any CPU.Build.0 = Debug|Any CPU
		{3C2AEBA7-1B26-2574-7845-5C5B6353F152}.Release|Any CPU.ActiveCfg = Release|Any CPU
		{3C2AEBA7-1B26-2574-7845-5C5B6353F152}.Release|Any CPU.Build.0 = Release|Any CPU
	EndGlobalSection
	GlobalSection(SolutionProperties) = preSolution
		HideSolutionNode = FALSE
	EndGlobalSection
																																																																																																																																									GlobalSection(MonoDevelopProperties) = preSolution
		StartupItem = Assembly-CSharp.csproj
		Policies = $0
		$0.TextStylePolicy = $1
		$1.inheritsSet = null
		$1.scope = text/x-csharp
		$0.CSharpFormattingPolicy = $2
		$2.inheritsSet = Mono
		$2.inheritsScope = text/x-csharp
		$2.scope = text/x-csharp
		$0.TextStylePolicy = $3
		$3.FileWidth = 120
		$3.TabWidth = 4
		$3.EolMarker = Unix
		$3.inheritsSet = Mono
		$3.inheritsScope = text/plain
		$3.scope = text/plain
	EndGlobalSection

EndGlobal
